// !$*UTF8*$!
{
	archiveVersion = 1;
	classes = {
	};
	objectVersion = 55;
	objects = {

/* Begin PBXBuildFile section */
		3503E68E28C3AA3800A29453 /* QueryTag2.swift in Sources */ = {isa = PBXBuildFile; fileRef = 3503E68D28C3AA3800A29453 /* QueryTag2.swift */; };
		3503E69828C3D74400A29453 /* Doctors.swift in Sources */ = {isa = PBXBuildFile; fileRef = 3503E69728C3D74400A29453 /* Doctors.swift */; };
		3503E69A28C3E7EB00A29453 /* Lifestyle.swift in Sources */ = {isa = PBXBuildFile; fileRef = 3503E69928C3E7EB00A29453 /* Lifestyle.swift */; };
		3524B8B528C25C8500DB5A1B /* Exercises.swift in Sources */ = {isa = PBXBuildFile; fileRef = 3524B8B428C25C8500DB5A1B /* Exercises.swift */; };
		3524B8BB28C25CD100DB5A1B /* Awareness.swift in Sources */ = {isa = PBXBuildFile; fileRef = 3524B8BA28C25CD100DB5A1B /* Awareness.swift */; };
		3524B8BF28C25D0700DB5A1B /* ConsultDoctor.swift in Sources */ = {isa = PBXBuildFile; fileRef = 3524B8BE28C25D0700DB5A1B /* ConsultDoctor.swift */; };
		3524B8C328C25D3C00DB5A1B /* LIfestyle.swift in Sources */ = {isa = PBXBuildFile; fileRef = 3524B8C228C25D3C00DB5A1B /* LIfestyle.swift */; };
		3524B8C728C25D7C00DB5A1B /* Calendar.swift in Sources */ = {isa = PBXBuildFile; fileRef = 3524B8C628C25D7C00DB5A1B /* Calendar.swift */; };
		3524B8CB28C25DA500DB5A1B /* Products.swift in Sources */ = {isa = PBXBuildFile; fileRef = 3524B8CA28C25DA500DB5A1B /* Products.swift */; };
		3524B8CD28C25DB200DB5A1B /* Community.swift in Sources */ = {isa = PBXBuildFile; fileRef = 3524B8CC28C25DB200DB5A1B /* Community.swift */; };
		352CF7A628C290FC00AEB1C5 /* QueryTag.swift in Sources */ = {isa = PBXBuildFile; fileRef = 352CF7A528C290FB00AEB1C5 /* QueryTag.swift */; };
		352CF7A828C2927600AEB1C5 /* VideoManager.swift in Sources */ = {isa = PBXBuildFile; fileRef = 352CF7A728C2927600AEB1C5 /* VideoManager.swift */; };
		352CF7AA28C294D900AEB1C5 /* VideoCard.swift in Sources */ = {isa = PBXBuildFile; fileRef = 352CF7A928C294D900AEB1C5 /* VideoCard.swift */; };
		352CF7B428C2AC3B00AEB1C5 /* ModelData.swift in Sources */ = {isa = PBXBuildFile; fileRef = 352CF7B328C2AC3B00AEB1C5 /* ModelData.swift */; };
		353BC17E28C76C450044460A /* LifestyleViewing.swift in Sources */ = {isa = PBXBuildFile; fileRef = 353BC17D28C76C450044460A /* LifestyleViewing.swift */; };
		353BC18028C76C6E0044460A /* LifestyleViewing2.swift in Sources */ = {isa = PBXBuildFile; fileRef = 353BC17F28C76C6E0044460A /* LifestyleViewing2.swift */; };
		353BC18228C76C7B0044460A /* LifestyleViewing3.swift in Sources */ = {isa = PBXBuildFile; fileRef = 353BC18128C76C7B0044460A /* LifestyleViewing3.swift */; };
		353BC18528C78E190044460A /* FirebaseAuth in Frameworks */ = {isa = PBXBuildFile; productRef = 353BC18428C78E190044460A /* FirebaseAuth */; };
		353BC18728C78E190044460A /* FirebaseFirestore in Frameworks */ = {isa = PBXBuildFile; productRef = 353BC18628C78E190044460A /* FirebaseFirestore */; };
		353BC18928C78E430044460A /* GoogleService-Info.plist in Resources */ = {isa = PBXBuildFile; fileRef = 353BC18828C78E430044460A /* GoogleService-Info.plist */; };
		353BC18B28C7A0010044460A /* Login.swift in Sources */ = {isa = PBXBuildFile; fileRef = 353BC18A28C7A0010044460A /* Login.swift */; };
		353BC18F28C7A1230044460A /* CustomTextField.swift in Sources */ = {isa = PBXBuildFile; fileRef = 353BC18E28C7A1230044460A /* CustomTextField.swift */; };
		353BC19328C7A33D0044460A /* LoginViewModel.swift in Sources */ = {isa = PBXBuildFile; fileRef = 353BC19228C7A33D0044460A /* LoginViewModel.swift */; };
		353BC19628C7C2520044460A /* Diary.swift in Sources */ = {isa = PBXBuildFile; fileRef = 353BC19528C7C2520044460A /* Diary.swift */; };
		354768A928C423C900AD2AE3 /* AwarenessDetails.swift in Sources */ = {isa = PBXBuildFile; fileRef = 354768A828C423C900AD2AE3 /* AwarenessDetails.swift */; };
		354768AE28C429A200AD2AE3 /* DoctorsInfo.swift in Sources */ = {isa = PBXBuildFile; fileRef = 354768AD28C429A200AD2AE3 /* DoctorsInfo.swift */; };
		354768B628C45AEB00AD2AE3 /* lifestyleinfo.swift in Sources */ = {isa = PBXBuildFile; fileRef = 354768B528C45AEB00AD2AE3 /* lifestyleinfo.swift */; };
		356DCC3628C13D4200E92F61 /* Menu.swift in Sources */ = {isa = PBXBuildFile; fileRef = 356DCC3528C13D4200E92F61 /* Menu.swift */; };
		356DCC3828C1412D00E92F61 /* SideMenuHeaderView.swift in Sources */ = {isa = PBXBuildFile; fileRef = 356DCC3728C1412D00E92F61 /* SideMenuHeaderView.swift */; };
		356DCC3C28C1419700E92F61 /* SideMenu.swift in Sources */ = {isa = PBXBuildFile; fileRef = 356DCC3B28C1419700E92F61 /* SideMenu.swift */; };
		356DCC3E28C15AE400E92F61 /* LoginSignUpView.swift in Sources */ = {isa = PBXBuildFile; fileRef = 356DCC3D28C15AE400E92F61 /* LoginSignUpView.swift */; };
		3572271128BE90DB00060CD6 /* LaunchScreen.storyboard in Resources */ = {isa = PBXBuildFile; fileRef = 3572271028BE90DB00060CD6 /* LaunchScreen.storyboard */; };
		357F856228C80596003739DF /* HealthTrackerView.swift in Sources */ = {isa = PBXBuildFile; fileRef = 357F856128C80596003739DF /* HealthTrackerView.swift */; };
		357F856428C83CC8003739DF /* Meditation.swift in Sources */ = {isa = PBXBuildFile; fileRef = 357F856328C83CC8003739DF /* Meditation.swift */; };
		357F856828C83DA8003739DF /* MeditationView.swift in Sources */ = {isa = PBXBuildFile; fileRef = 357F856728C83DA8003739DF /* MeditationView.swift */; };
		357F856A28C84780003739DF /* PlayerView.swift in Sources */ = {isa = PBXBuildFile; fileRef = 357F856928C84780003739DF /* PlayerView.swift */; };
		357F856C28C84A46003739DF /* PlaybackControlButton.swift in Sources */ = {isa = PBXBuildFile; fileRef = 357F856B28C84A46003739DF /* PlaybackControlButton.swift */; };
		357F857028C8524B003739DF /* MeditationViewModel.swift in Sources */ = {isa = PBXBuildFile; fileRef = 357F856F28C8524B003739DF /* MeditationViewModel.swift */; };
		357F857228C85631003739DF /* Extension.swift in Sources */ = {isa = PBXBuildFile; fileRef = 357F857128C85631003739DF /* Extension.swift */; };
		357F857428C8598B003739DF /* AudiouManager.swift in Sources */ = {isa = PBXBuildFile; fileRef = 357F857328C8598B003739DF /* AudiouManager.swift */; };
		357F857628C85D0A003739DF /* serenity.mp3 in Resources */ = {isa = PBXBuildFile; fileRef = 357F857528C85D0A003739DF /* serenity.mp3 */; };
		357F857928C86216003739DF /* CustomFonts in Resources */ = {isa = PBXBuildFile; fileRef = 357F857828C86216003739DF /* CustomFonts */; };
		357F857B28C88FAD003739DF /* spiritualenergies.mp3 in Resources */ = {isa = PBXBuildFile; fileRef = 357F857A28C88FAD003739DF /* spiritualenergies.mp3 */; };
		357F857D28C88FB6003739DF /* mindfulness.mp3 in Resources */ = {isa = PBXBuildFile; fileRef = 357F857C28C88FB6003739DF /* mindfulness.mp3 */; };
		357F857F28C88FBC003739DF /* oceanwave.mp3 in Resources */ = {isa = PBXBuildFile; fileRef = 357F857E28C88FBC003739DF /* oceanwave.mp3 */; };
		357F858128C88FC8003739DF /* linear.mp3 in Resources */ = {isa = PBXBuildFile; fileRef = 357F858028C88FC8003739DF /* linear.mp3 */; };
		357F858328C88FCF003739DF /* meditation.mp3 in Resources */ = {isa = PBXBuildFile; fileRef = 357F858228C88FCF003739DF /* meditation.mp3 */; };
		357F858528C88FD6003739DF /* catchmybreath.mp3 in Resources */ = {isa = PBXBuildFile; fileRef = 357F858428C88FD6003739DF /* catchmybreath.mp3 */; };
		357F858728C88FDB003739DF /* above.mp3 in Resources */ = {isa = PBXBuildFile; fileRef = 357F858628C88FDB003739DF /* above.mp3 */; };
		359F3F7428BD1CE90011F18C /* iCareApp.swift in Sources */ = {isa = PBXBuildFile; fileRef = 359F3F7328BD1CE90011F18C /* iCareApp.swift */; };
		359F3F7628BD1CE90011F18C /* ContentView.swift in Sources */ = {isa = PBXBuildFile; fileRef = 359F3F7528BD1CE90011F18C /* ContentView.swift */; };
		359F3F7828BD1CEB0011F18C /* Assets.xcassets in Resources */ = {isa = PBXBuildFile; fileRef = 359F3F7728BD1CEB0011F18C /* Assets.xcassets */; };
		359F3F7B28BD1CEB0011F18C /* Preview Assets.xcassets in Resources */ = {isa = PBXBuildFile; fileRef = 359F3F7A28BD1CEB0011F18C /* Preview Assets.xcassets */; };
		35C3262828C69928002F7CED /* AwarenessInfo.swift in Sources */ = {isa = PBXBuildFile; fileRef = 35C3262728C69928002F7CED /* AwarenessInfo.swift */; };
		35C3262B28C6B950002F7CED /* ProductsDetails.swift in Sources */ = {isa = PBXBuildFile; fileRef = 35C3262A28C6B950002F7CED /* ProductsDetails.swift */; };
		35C3262F28C6C226002F7CED /* ProductsInfo.swift in Sources */ = {isa = PBXBuildFile; fileRef = 35C3262E28C6C226002F7CED /* ProductsInfo.swift */; };
		35C3263128C6C514002F7CED /* ProductsViewing.swift in Sources */ = {isa = PBXBuildFile; fileRef = 35C3263028C6C514002F7CED /* ProductsViewing.swift */; };
		35C3263328C6D19E002F7CED /* DoctorsViewing.swift in Sources */ = {isa = PBXBuildFile; fileRef = 35C3263228C6D19E002F7CED /* DoctorsViewing.swift */; };
		35C3263528C6D5E9002F7CED /* DoctorViewing2.swift in Sources */ = {isa = PBXBuildFile; fileRef = 35C3263428C6D5E9002F7CED /* DoctorViewing2.swift */; };
		35DE3D1928BFECC200A554D1 /* HomeIView.swift in Sources */ = {isa = PBXBuildFile; fileRef = 35DE3D1828BFECC200A554D1 /* HomeIView.swift */; };
		35DE3D1B28BFECEB00A554D1 /* NotificationsView.swift in Sources */ = {isa = PBXBuildFile; fileRef = 35DE3D1A28BFECEB00A554D1 /* NotificationsView.swift */; };
		35DE3D1D28BFECFE00A554D1 /* SearchView.swift in Sources */ = {isa = PBXBuildFile; fileRef = 35DE3D1C28BFECFE00A554D1 /* SearchView.swift */; };
		35DE3D1F28BFED1000A554D1 /* ProfileView.swift in Sources */ = {isa = PBXBuildFile; fileRef = 35DE3D1E28BFED1000A554D1 /* ProfileView.swift */; };
		35DE3D2128BFFBF300A554D1 /* Grids.swift in Sources */ = {isa = PBXBuildFile; fileRef = 35DE3D2028BFFBF300A554D1 /* Grids.swift */; };
		35DE3D2328C011E200A554D1 /* TabScrollView.swift in Sources */ = {isa = PBXBuildFile; fileRef = 35DE3D2228C011E200A554D1 /* TabScrollView.swift */; };
		35DE3D2528C0407900A554D1 /* OurMissionView.swift in Sources */ = {isa = PBXBuildFile; fileRef = 35DE3D2428C0407900A554D1 /* OurMissionView.swift */; };
		35DE3D2728C0409400A554D1 /* ContactUsView.swift in Sources */ = {isa = PBXBuildFile; fileRef = 35DE3D2628C0409400A554D1 /* ContactUsView.swift */; };
		35DE3D3128C056A500A554D1 /* SideMenuView.swift in Sources */ = {isa = PBXBuildFile; fileRef = 35DE3D3028C056A500A554D1 /* SideMenuView.swift */; };
/* End PBXBuildFile section */

/* Begin PBXFileReference section */
		3503E68D28C3AA3800A29453 /* QueryTag2.swift */ = {isa = PBXFileReference; lastKnownFileType = sourcecode.swift; path = QueryTag2.swift; sourceTree = "<group>"; };
		3503E69728C3D74400A29453 /* Doctors.swift */ = {isa = PBXFileReference; lastKnownFileType = sourcecode.swift; path = Doctors.swift; sourceTree = "<group>"; };
		3503E69928C3E7EB00A29453 /* Lifestyle.swift */ = {isa = PBXFileReference; lastKnownFileType = sourcecode.swift; path = Lifestyle.swift; sourceTree = "<group>"; };
		3524B8B428C25C8500DB5A1B /* Exercises.swift */ = {isa = PBXFileReference; lastKnownFileType = sourcecode.swift; path = Exercises.swift; sourceTree = "<group>"; };
		3524B8BA28C25CD100DB5A1B /* Awareness.swift */ = {isa = PBXFileReference; lastKnownFileType = sourcecode.swift; path = Awareness.swift; sourceTree = "<group>"; };
		3524B8BE28C25D0700DB5A1B /* ConsultDoctor.swift */ = {isa = PBXFileReference; lastKnownFileType = sourcecode.swift; path = ConsultDoctor.swift; sourceTree = "<group>"; };
		3524B8C228C25D3C00DB5A1B /* LIfestyle.swift */ = {isa = PBXFileReference; lastKnownFileType = sourcecode.swift; path = LIfestyle.swift; sourceTree = "<group>"; };
		3524B8C628C25D7C00DB5A1B /* Calendar.swift */ = {isa = PBXFileReference; lastKnownFileType = sourcecode.swift; path = Calendar.swift; sourceTree = "<group>"; };
		3524B8CA28C25DA500DB5A1B /* Products.swift */ = {isa = PBXFileReference; lastKnownFileType = sourcecode.swift; path = Products.swift; sourceTree = "<group>"; };
		3524B8CC28C25DB200DB5A1B /* Community.swift */ = {isa = PBXFileReference; lastKnownFileType = sourcecode.swift; path = Community.swift; sourceTree = "<group>"; };
		352CF7A528C290FB00AEB1C5 /* QueryTag.swift */ = {isa = PBXFileReference; lastKnownFileType = sourcecode.swift; path = QueryTag.swift; sourceTree = "<group>"; };
		352CF7A728C2927600AEB1C5 /* VideoManager.swift */ = {isa = PBXFileReference; lastKnownFileType = sourcecode.swift; path = VideoManager.swift; sourceTree = "<group>"; };
		352CF7A928C294D900AEB1C5 /* VideoCard.swift */ = {isa = PBXFileReference; lastKnownFileType = sourcecode.swift; path = VideoCard.swift; sourceTree = "<group>"; };
		352CF7B328C2AC3B00AEB1C5 /* ModelData.swift */ = {isa = PBXFileReference; lastKnownFileType = sourcecode.swift; path = ModelData.swift; sourceTree = "<group>"; };
		353BC17D28C76C450044460A /* LifestyleViewing.swift */ = {isa = PBXFileReference; lastKnownFileType = sourcecode.swift; path = LifestyleViewing.swift; sourceTree = "<group>"; };
		353BC17F28C76C6E0044460A /* LifestyleViewing2.swift */ = {isa = PBXFileReference; lastKnownFileType = sourcecode.swift; path = LifestyleViewing2.swift; sourceTree = "<group>"; };
		353BC18128C76C7B0044460A /* LifestyleViewing3.swift */ = {isa = PBXFileReference; lastKnownFileType = sourcecode.swift; path = LifestyleViewing3.swift; sourceTree = "<group>"; };
		353BC18828C78E430044460A /* GoogleService-Info.plist */ = {isa = PBXFileReference; fileEncoding = 4; lastKnownFileType = text.plist.xml; name = "GoogleService-Info.plist"; path = "../../../../../../Downloads/GoogleService-Info.plist"; sourceTree = "<group>"; };
		353BC18A28C7A0010044460A /* Login.swift */ = {isa = PBXFileReference; lastKnownFileType = sourcecode.swift; path = Login.swift; sourceTree = "<group>"; };
		353BC18E28C7A1230044460A /* CustomTextField.swift */ = {isa = PBXFileReference; lastKnownFileType = sourcecode.swift; path = CustomTextField.swift; sourceTree = "<group>"; };
		353BC19228C7A33D0044460A /* LoginViewModel.swift */ = {isa = PBXFileReference; lastKnownFileType = sourcecode.swift; path = LoginViewModel.swift; sourceTree = "<group>"; };
		353BC19528C7C2520044460A /* Diary.swift */ = {isa = PBXFileReference; lastKnownFileType = sourcecode.swift; path = Diary.swift; sourceTree = "<group>"; };
		354768A828C423C900AD2AE3 /* AwarenessDetails.swift */ = {isa = PBXFileReference; lastKnownFileType = sourcecode.swift; path = AwarenessDetails.swift; sourceTree = "<group>"; };
		354768AD28C429A200AD2AE3 /* DoctorsInfo.swift */ = {isa = PBXFileReference; lastKnownFileType = sourcecode.swift; path = DoctorsInfo.swift; sourceTree = "<group>"; };
		354768B528C45AEB00AD2AE3 /* lifestyleinfo.swift */ = {isa = PBXFileReference; lastKnownFileType = sourcecode.swift; path = lifestyleinfo.swift; sourceTree = "<group>"; };
		356DCC3528C13D4200E92F61 /* Menu.swift */ = {isa = PBXFileReference; lastKnownFileType = sourcecode.swift; path = Menu.swift; sourceTree = "<group>"; };
		356DCC3728C1412D00E92F61 /* SideMenuHeaderView.swift */ = {isa = PBXFileReference; lastKnownFileType = sourcecode.swift; path = SideMenuHeaderView.swift; sourceTree = "<group>"; };
		356DCC3B28C1419700E92F61 /* SideMenu.swift */ = {isa = PBXFileReference; lastKnownFileType = sourcecode.swift; path = SideMenu.swift; sourceTree = "<group>"; };
		356DCC3D28C15AE400E92F61 /* LoginSignUpView.swift */ = {isa = PBXFileReference; lastKnownFileType = sourcecode.swift; path = LoginSignUpView.swift; sourceTree = "<group>"; };
		3572271028BE90DB00060CD6 /* LaunchScreen.storyboard */ = {isa = PBXFileReference; lastKnownFileType = file.storyboard; path = LaunchScreen.storyboard; sourceTree = "<group>"; };
		357F856128C80596003739DF /* HealthTrackerView.swift */ = {isa = PBXFileReference; lastKnownFileType = sourcecode.swift; path = HealthTrackerView.swift; sourceTree = "<group>"; };
		357F856328C83CC8003739DF /* Meditation.swift */ = {isa = PBXFileReference; lastKnownFileType = sourcecode.swift; path = Meditation.swift; sourceTree = "<group>"; };
		357F856728C83DA8003739DF /* MeditationView.swift */ = {isa = PBXFileReference; lastKnownFileType = sourcecode.swift; path = MeditationView.swift; sourceTree = "<group>"; };
		357F856928C84780003739DF /* PlayerView.swift */ = {isa = PBXFileReference; lastKnownFileType = sourcecode.swift; path = PlayerView.swift; sourceTree = "<group>"; };
		357F856B28C84A46003739DF /* PlaybackControlButton.swift */ = {isa = PBXFileReference; lastKnownFileType = sourcecode.swift; path = PlaybackControlButton.swift; sourceTree = "<group>"; };
		357F856F28C8524B003739DF /* MeditationViewModel.swift */ = {isa = PBXFileReference; lastKnownFileType = sourcecode.swift; path = MeditationViewModel.swift; sourceTree = "<group>"; };
		357F857128C85631003739DF /* Extension.swift */ = {isa = PBXFileReference; lastKnownFileType = sourcecode.swift; path = Extension.swift; sourceTree = "<group>"; };
		357F857328C8598B003739DF /* AudiouManager.swift */ = {isa = PBXFileReference; lastKnownFileType = sourcecode.swift; path = AudiouManager.swift; sourceTree = "<group>"; };
		357F857528C85D0A003739DF /* serenity.mp3 */ = {isa = PBXFileReference; lastKnownFileType = audio.mp3; path = serenity.mp3; sourceTree = "<group>"; };
		357F857728C85E59003739DF /* Info.plist */ = {isa = PBXFileReference; lastKnownFileType = text.plist; path = Info.plist; sourceTree = "<group>"; };
		357F857828C86216003739DF /* CustomFonts */ = {isa = PBXFileReference; lastKnownFileType = folder; path = CustomFonts; sourceTree = "<group>"; };
		357F857A28C88FAD003739DF /* spiritualenergies.mp3 */ = {isa = PBXFileReference; lastKnownFileType = audio.mp3; path = spiritualenergies.mp3; sourceTree = "<group>"; };
		357F857C28C88FB6003739DF /* mindfulness.mp3 */ = {isa = PBXFileReference; lastKnownFileType = audio.mp3; path = mindfulness.mp3; sourceTree = "<group>"; };
		357F857E28C88FBC003739DF /* oceanwave.mp3 */ = {isa = PBXFileReference; lastKnownFileType = audio.mp3; path = oceanwave.mp3; sourceTree = "<group>"; };
		357F858028C88FC8003739DF /* linear.mp3 */ = {isa = PBXFileReference; lastKnownFileType = audio.mp3; path = linear.mp3; sourceTree = "<group>"; };
		357F858228C88FCF003739DF /* meditation.mp3 */ = {isa = PBXFileReference; lastKnownFileType = audio.mp3; path = meditation.mp3; sourceTree = "<group>"; };
		357F858428C88FD6003739DF /* catchmybreath.mp3 */ = {isa = PBXFileReference; lastKnownFileType = audio.mp3; path = catchmybreath.mp3; sourceTree = "<group>"; };
		357F858628C88FDB003739DF /* above.mp3 */ = {isa = PBXFileReference; lastKnownFileType = audio.mp3; path = above.mp3; sourceTree = "<group>"; };
		359F3F7028BD1CE90011F18C /* iCare.app */ = {isa = PBXFileReference; explicitFileType = wrapper.application; includeInIndex = 0; path = iCare.app; sourceTree = BUILT_PRODUCTS_DIR; };
		359F3F7328BD1CE90011F18C /* iCareApp.swift */ = {isa = PBXFileReference; lastKnownFileType = sourcecode.swift; path = iCareApp.swift; sourceTree = "<group>"; };
		359F3F7528BD1CE90011F18C /* ContentView.swift */ = {isa = PBXFileReference; lastKnownFileType = sourcecode.swift; path = ContentView.swift; sourceTree = "<group>"; };
		359F3F7728BD1CEB0011F18C /* Assets.xcassets */ = {isa = PBXFileReference; lastKnownFileType = folder.assetcatalog; path = Assets.xcassets; sourceTree = "<group>"; };
		359F3F7A28BD1CEB0011F18C /* Preview Assets.xcassets */ = {isa = PBXFileReference; lastKnownFileType = folder.assetcatalog; path = "Preview Assets.xcassets"; sourceTree = "<group>"; };
		35C3262728C69928002F7CED /* AwarenessInfo.swift */ = {isa = PBXFileReference; lastKnownFileType = sourcecode.swift; path = AwarenessInfo.swift; sourceTree = "<group>"; };
		35C3262A28C6B950002F7CED /* ProductsDetails.swift */ = {isa = PBXFileReference; lastKnownFileType = sourcecode.swift; path = ProductsDetails.swift; sourceTree = "<group>"; };
		35C3262E28C6C226002F7CED /* ProductsInfo.swift */ = {isa = PBXFileReference; lastKnownFileType = sourcecode.swift; path = ProductsInfo.swift; sourceTree = "<group>"; };
		35C3263028C6C514002F7CED /* ProductsViewing.swift */ = {isa = PBXFileReference; lastKnownFileType = sourcecode.swift; path = ProductsViewing.swift; sourceTree = "<group>"; };
		35C3263228C6D19E002F7CED /* DoctorsViewing.swift */ = {isa = PBXFileReference; lastKnownFileType = sourcecode.swift; path = DoctorsViewing.swift; sourceTree = "<group>"; };
		35C3263428C6D5E9002F7CED /* DoctorViewing2.swift */ = {isa = PBXFileReference; lastKnownFileType = sourcecode.swift; path = DoctorViewing2.swift; sourceTree = "<group>"; };
		35DE3D1828BFECC200A554D1 /* HomeIView.swift */ = {isa = PBXFileReference; lastKnownFileType = sourcecode.swift; path = HomeIView.swift; sourceTree = "<group>"; };
		35DE3D1A28BFECEB00A554D1 /* NotificationsView.swift */ = {isa = PBXFileReference; lastKnownFileType = sourcecode.swift; path = NotificationsView.swift; sourceTree = "<group>"; };
		35DE3D1C28BFECFE00A554D1 /* SearchView.swift */ = {isa = PBXFileReference; lastKnownFileType = sourcecode.swift; path = SearchView.swift; sourceTree = "<group>"; };
		35DE3D1E28BFED1000A554D1 /* ProfileView.swift */ = {isa = PBXFileReference; lastKnownFileType = sourcecode.swift; path = ProfileView.swift; sourceTree = "<group>"; };
		35DE3D2028BFFBF300A554D1 /* Grids.swift */ = {isa = PBXFileReference; lastKnownFileType = sourcecode.swift; path = Grids.swift; sourceTree = "<group>"; };
		35DE3D2228C011E200A554D1 /* TabScrollView.swift */ = {isa = PBXFileReference; lastKnownFileType = sourcecode.swift; path = TabScrollView.swift; sourceTree = "<group>"; };
		35DE3D2428C0407900A554D1 /* OurMissionView.swift */ = {isa = PBXFileReference; lastKnownFileType = sourcecode.swift; path = OurMissionView.swift; sourceTree = "<group>"; };
		35DE3D2628C0409400A554D1 /* ContactUsView.swift */ = {isa = PBXFileReference; lastKnownFileType = sourcecode.swift; path = ContactUsView.swift; sourceTree = "<group>"; };
		35DE3D3028C056A500A554D1 /* SideMenuView.swift */ = {isa = PBXFileReference; lastKnownFileType = sourcecode.swift; path = SideMenuView.swift; sourceTree = "<group>"; };
/* End PBXFileReference section */

/* Begin PBXFrameworksBuildPhase section */
		359F3F6D28BD1CE90011F18C /* Frameworks */ = {
			isa = PBXFrameworksBuildPhase;
			buildActionMask = 2147483647;
			files = (
				353BC18528C78E190044460A /* FirebaseAuth in Frameworks */,
				353BC18728C78E190044460A /* FirebaseFirestore in Frameworks */,
			);
			runOnlyForDeploymentPostprocessing = 0;
		};
/* End PBXFrameworksBuildPhase section */

/* Begin PBXGroup section */
		3524B8B228C25BDF00DB5A1B /* TABMENU */ = {
			isa = PBXGroup;
			children = (
				35DE3D1828BFECC200A554D1 /* HomeIView.swift */,
				35DE3D1A28BFECEB00A554D1 /* NotificationsView.swift */,
				35DE3D1C28BFECFE00A554D1 /* SearchView.swift */,
				35DE3D1E28BFED1000A554D1 /* ProfileView.swift */,
			);
			path = TABMENU;
			sourceTree = "<group>";
		};
		3524B8B328C25C2400DB5A1B /* GRIDS */ = {
			isa = PBXGroup;
			children = (
				357F856328C83CC8003739DF /* Meditation.swift */,
				357F856728C83DA8003739DF /* MeditationView.swift */,
				357F856928C84780003739DF /* PlayerView.swift */,
				357F856B28C84A46003739DF /* PlaybackControlButton.swift */,
				3524B8B428C25C8500DB5A1B /* Exercises.swift */,
				35C3262628C698FC002F7CED /* New Group */,
				354768AF28C4495D00AD2AE3 /* Consultation */,
				354768B728C46CEB00AD2AE3 /* Healthy */,
				3524B8C628C25D7C00DB5A1B /* Calendar.swift */,
				353BC19428C7C2300044460A /* HealthTracker */,
				35C3262D28C6C202002F7CED /* Buying */,
				3524B8CC28C25DB200DB5A1B /* Community.swift */,
				357F857828C86216003739DF /* CustomFonts */,
			);
			path = GRIDS;
			sourceTree = "<group>";
		};
		352CF7A428C290C500AEB1C5 /* Components */ = {
			isa = PBXGroup;
			children = (
				352CF7A528C290FB00AEB1C5 /* QueryTag.swift */,
				3503E68D28C3AA3800A29453 /* QueryTag2.swift */,
				352CF7A928C294D900AEB1C5 /* VideoCard.swift */,
			);
			path = Components;
			sourceTree = "<group>";
		};
		353BC19428C7C2300044460A /* HealthTracker */ = {
			isa = PBXGroup;
			children = (
				353BC19528C7C2520044460A /* Diary.swift */,
				357F856128C80596003739DF /* HealthTrackerView.swift */,
			);
			path = HealthTracker;
			sourceTree = "<group>";
		};
		354768AF28C4495D00AD2AE3 /* Consultation */ = {
			isa = PBXGroup;
			children = (
				3524B8BE28C25D0700DB5A1B /* ConsultDoctor.swift */,
				354768AD28C429A200AD2AE3 /* DoctorsInfo.swift */,
				35C3263228C6D19E002F7CED /* DoctorsViewing.swift */,
				35C3263428C6D5E9002F7CED /* DoctorViewing2.swift */,
			);
			path = Consultation;
			sourceTree = "<group>";
		};
		354768B728C46CEB00AD2AE3 /* Healthy */ = {
			isa = PBXGroup;
			children = (
				3524B8C228C25D3C00DB5A1B /* LIfestyle.swift */,
				353BC17D28C76C450044460A /* LifestyleViewing.swift */,
				353BC17F28C76C6E0044460A /* LifestyleViewing2.swift */,
				353BC18128C76C7B0044460A /* LifestyleViewing3.swift */,
				354768B528C45AEB00AD2AE3 /* lifestyleinfo.swift */,
			);
			path = Healthy;
			sourceTree = "<group>";
		};
		356DCC3F28C17A9A00E92F61 /* MENU */ = {
			isa = PBXGroup;
			children = (
				35DE3D3028C056A500A554D1 /* SideMenuView.swift */,
				356DCC3728C1412D00E92F61 /* SideMenuHeaderView.swift */,
				356DCC3528C13D4200E92F61 /* Menu.swift */,
				356DCC3D28C15AE400E92F61 /* LoginSignUpView.swift */,
				353BC18A28C7A0010044460A /* Login.swift */,
				353BC18E28C7A1230044460A /* CustomTextField.swift */,
				35DE3D2628C0409400A554D1 /* ContactUsView.swift */,
				35DE3D2428C0407900A554D1 /* OurMissionView.swift */,
			);
			path = MENU;
			sourceTree = "<group>";
		};
		3572270E28BE903100060CD6 /* Model */ = {
			isa = PBXGroup;
			children = (
				35DE3D2028BFFBF300A554D1 /* Grids.swift */,
				35DE3D2228C011E200A554D1 /* TabScrollView.swift */,
				356DCC3B28C1419700E92F61 /* SideMenu.swift */,
				352CF7A728C2927600AEB1C5 /* VideoManager.swift */,
				352CF7B328C2AC3B00AEB1C5 /* ModelData.swift */,
				3503E69728C3D74400A29453 /* Doctors.swift */,
				3503E69928C3E7EB00A29453 /* Lifestyle.swift */,
				354768A828C423C900AD2AE3 /* AwarenessDetails.swift */,
				35C3262A28C6B950002F7CED /* ProductsDetails.swift */,
				353BC19228C7A33D0044460A /* LoginViewModel.swift */,
				357F856F28C8524B003739DF /* MeditationViewModel.swift */,
				357F857128C85631003739DF /* Extension.swift */,
				357F857328C8598B003739DF /* AudiouManager.swift */,
			);
			path = Model;
			sourceTree = "<group>";
		};
		3572270F28BE904900060CD6 /* Views */ = {
			isa = PBXGroup;
			children = (
				3572271028BE90DB00060CD6 /* LaunchScreen.storyboard */,
				3524B8B328C25C2400DB5A1B /* GRIDS */,
				3524B8B228C25BDF00DB5A1B /* TABMENU */,
				356DCC3F28C17A9A00E92F61 /* MENU */,
			);
			path = Views;
			sourceTree = "<group>";
		};
		359F3F6728BD1CE80011F18C = {
			isa = PBXGroup;
			children = (
				359F3F7228BD1CE90011F18C /* iCare */,
				359F3F7128BD1CE90011F18C /* Products */,
			);
			sourceTree = "<group>";
		};
		359F3F7128BD1CE90011F18C /* Products */ = {
			isa = PBXGroup;
			children = (
				359F3F7028BD1CE90011F18C /* iCare.app */,
			);
			name = Products;
			sourceTree = "<group>";
		};
		359F3F7228BD1CE90011F18C /* iCare */ = {
			isa = PBXGroup;
			children = (
				357F857728C85E59003739DF /* Info.plist */,
				353BC18828C78E430044460A /* GoogleService-Info.plist */,
				359F3F7328BD1CE90011F18C /* iCareApp.swift */,
				359F3F7528BD1CE90011F18C /* ContentView.swift */,
				3572270F28BE904900060CD6 /* Views */,
				352CF7A428C290C500AEB1C5 /* Components */,
				3572270E28BE903100060CD6 /* Model */,
				359F3F7728BD1CEB0011F18C /* Assets.xcassets */,
				357F857528C85D0A003739DF /* serenity.mp3 */,
				357F858628C88FDB003739DF /* above.mp3 */,
				357F857A28C88FAD003739DF /* spiritualenergies.mp3 */,
				357F858428C88FD6003739DF /* catchmybreath.mp3 */,
				357F857C28C88FB6003739DF /* mindfulness.mp3 */,
				357F858228C88FCF003739DF /* meditation.mp3 */,
				357F857E28C88FBC003739DF /* oceanwave.mp3 */,
				357F858028C88FC8003739DF /* linear.mp3 */,
				359F3F7928BD1CEB0011F18C /* Preview Content */,
			);
			path = iCare;
			sourceTree = "<group>";
		};
		359F3F7928BD1CEB0011F18C /* Preview Content */ = {
			isa = PBXGroup;
			children = (
				359F3F7A28BD1CEB0011F18C /* Preview Assets.xcassets */,
			);
			path = "Preview Content";
			sourceTree = "<group>";
		};
		35C3262628C698FC002F7CED /* New Group */ = {
			isa = PBXGroup;
			children = (
				3524B8BA28C25CD100DB5A1B /* Awareness.swift */,
				35C3262728C69928002F7CED /* AwarenessInfo.swift */,
			);
			path = "New Group";
			sourceTree = "<group>";
		};
		35C3262D28C6C202002F7CED /* Buying */ = {
			isa = PBXGroup;
			children = (
				3524B8CA28C25DA500DB5A1B /* Products.swift */,
				35C3262E28C6C226002F7CED /* ProductsInfo.swift */,
				35C3263028C6C514002F7CED /* ProductsViewing.swift */,
			);
			path = Buying;
			sourceTree = "<group>";
		};
/* End PBXGroup section */

/* Begin PBXNativeTarget section */
		359F3F6F28BD1CE90011F18C /* iCare */ = {
			isa = PBXNativeTarget;
			buildConfigurationList = 359F3F7E28BD1CEB0011F18C /* Build configuration list for PBXNativeTarget "iCare" */;
			buildPhases = (
				359F3F6C28BD1CE90011F18C /* Sources */,
				359F3F6D28BD1CE90011F18C /* Frameworks */,
				359F3F6E28BD1CE90011F18C /* Resources */,
			);
			buildRules = (
			);
			dependencies = (
			);
			name = iCare;
			packageProductDependencies = (
				353BC18428C78E190044460A /* FirebaseAuth */,
				353BC18628C78E190044460A /* FirebaseFirestore */,
			);
			productName = iCare;
			productReference = 359F3F7028BD1CE90011F18C /* iCare.app */;
			productType = "com.apple.product-type.application";
		};
/* End PBXNativeTarget section */

/* Begin PBXProject section */
		359F3F6828BD1CE80011F18C /* Project object */ = {
			isa = PBXProject;
			attributes = {
				BuildIndependentTargetsInParallel = 1;
				LastSwiftUpdateCheck = 1340;
				LastUpgradeCheck = 1340;
				TargetAttributes = {
					359F3F6F28BD1CE90011F18C = {
						CreatedOnToolsVersion = 13.4.1;
					};
				};
			};
			buildConfigurationList = 359F3F6B28BD1CE80011F18C /* Build configuration list for PBXProject "iCare" */;
			compatibilityVersion = "Xcode 13.0";
			developmentRegion = en;
			hasScannedForEncodings = 0;
			knownRegions = (
				en,
				Base,
			);
			mainGroup = 359F3F6728BD1CE80011F18C;
			packageReferences = (
				3524B8E128C279C700DB5A1B /* XCRemoteSwiftPackageReference "firebase-ios-sdk" */,
				354768B828C46E5600AD2AE3 /* XCRemoteSwiftPackageReference "firebase-ios-sdk" */,
				353BC18328C78E190044460A /* XCRemoteSwiftPackageReference "firebase-ios-sdk" */,
			);
			productRefGroup = 359F3F7128BD1CE90011F18C /* Products */;
			projectDirPath = "";
			projectRoot = "";
			targets = (
				359F3F6F28BD1CE90011F18C /* iCare */,
			);
		};
/* End PBXProject section */

/* Begin PBXResourcesBuildPhase section */
		359F3F6E28BD1CE90011F18C /* Resources */ = {
			isa = PBXResourcesBuildPhase;
			buildActionMask = 2147483647;
			files = (
				3572271128BE90DB00060CD6 /* LaunchScreen.storyboard in Resources */,
				357F858728C88FDB003739DF /* above.mp3 in Resources */,
				357F857B28C88FAD003739DF /* spiritualenergies.mp3 in Resources */,
				357F858528C88FD6003739DF /* catchmybreath.mp3 in Resources */,
				357F858328C88FCF003739DF /* meditation.mp3 in Resources */,
				359F3F7B28BD1CEB0011F18C /* Preview Assets.xcassets in Resources */,
				359F3F7828BD1CEB0011F18C /* Assets.xcassets in Resources */,
				357F857628C85D0A003739DF /* serenity.mp3 in Resources */,
				357F858128C88FC8003739DF /* linear.mp3 in Resources */,
				357F857D28C88FB6003739DF /* mindfulness.mp3 in Resources */,
				357F857F28C88FBC003739DF /* oceanwave.mp3 in Resources */,
				357F857928C86216003739DF /* CustomFonts in Resources */,
				353BC18928C78E430044460A /* GoogleService-Info.plist in Resources */,
			);
			runOnlyForDeploymentPostprocessing = 0;
		};
/* End PBXResourcesBuildPhase section */

/* Begin PBXSourcesBuildPhase section */
		359F3F6C28BD1CE90011F18C /* Sources */ = {
			isa = PBXSourcesBuildPhase;
			buildActionMask = 2147483647;
			files = (
				353BC19328C7A33D0044460A /* LoginViewModel.swift in Sources */,
				3503E68E28C3AA3800A29453 /* QueryTag2.swift in Sources */,
				3524B8BF28C25D0700DB5A1B /* ConsultDoctor.swift in Sources */,
				353BC19628C7C2520044460A /* Diary.swift in Sources */,
				35DE3D1D28BFECFE00A554D1 /* SearchView.swift in Sources */,
				3524B8B528C25C8500DB5A1B /* Exercises.swift in Sources */,
				3524B8BB28C25CD100DB5A1B /* Awareness.swift in Sources */,
				352CF7A628C290FC00AEB1C5 /* QueryTag.swift in Sources */,
				353BC18028C76C6E0044460A /* LifestyleViewing2.swift in Sources */,
				356DCC3828C1412D00E92F61 /* SideMenuHeaderView.swift in Sources */,
				35DE3D2728C0409400A554D1 /* ContactUsView.swift in Sources */,
				356DCC3C28C1419700E92F61 /* SideMenu.swift in Sources */,
				359F3F7628BD1CE90011F18C /* ContentView.swift in Sources */,
				354768AE28C429A200AD2AE3 /* DoctorsInfo.swift in Sources */,
				352CF7AA28C294D900AEB1C5 /* VideoCard.swift in Sources */,
				353BC18228C76C7B0044460A /* LifestyleViewing3.swift in Sources */,
				3524B8C728C25D7C00DB5A1B /* Calendar.swift in Sources */,
				35DE3D1928BFECC200A554D1 /* HomeIView.swift in Sources */,
				359F3F7428BD1CE90011F18C /* iCareApp.swift in Sources */,
				357F857028C8524B003739DF /* MeditationViewModel.swift in Sources */,
				352CF7B428C2AC3B00AEB1C5 /* ModelData.swift in Sources */,
				3524B8CD28C25DB200DB5A1B /* Community.swift in Sources */,
				35DE3D1F28BFED1000A554D1 /* ProfileView.swift in Sources */,
				3503E69828C3D74400A29453 /* Doctors.swift in Sources */,
				3503E69A28C3E7EB00A29453 /* Lifestyle.swift in Sources */,
				35C3263328C6D19E002F7CED /* DoctorsViewing.swift in Sources */,
				35C3263528C6D5E9002F7CED /* DoctorViewing2.swift in Sources */,
				35C3262828C69928002F7CED /* AwarenessInfo.swift in Sources */,
				356DCC3E28C15AE400E92F61 /* LoginSignUpView.swift in Sources */,
				357F856428C83CC8003739DF /* Meditation.swift in Sources */,
				35DE3D2528C0407900A554D1 /* OurMissionView.swift in Sources */,
				357F856A28C84780003739DF /* PlayerView.swift in Sources */,
				3524B8CB28C25DA500DB5A1B /* Products.swift in Sources */,
				357F856228C80596003739DF /* HealthTrackerView.swift in Sources */,
				35DE3D3128C056A500A554D1 /* SideMenuView.swift in Sources */,
				357F857228C85631003739DF /* Extension.swift in Sources */,
				356DCC3628C13D4200E92F61 /* Menu.swift in Sources */,
				353BC18B28C7A0010044460A /* Login.swift in Sources */,
				3524B8C328C25D3C00DB5A1B /* LIfestyle.swift in Sources */,
				353BC17E28C76C450044460A /* LifestyleViewing.swift in Sources */,
				35DE3D1B28BFECEB00A554D1 /* NotificationsView.swift in Sources */,
				357F857428C8598B003739DF /* AudiouManager.swift in Sources */,
				35C3263128C6C514002F7CED /* ProductsViewing.swift in Sources */,
				354768B628C45AEB00AD2AE3 /* lifestyleinfo.swift in Sources */,
				357F856828C83DA8003739DF /* MeditationView.swift in Sources */,
				357F856C28C84A46003739DF /* PlaybackControlButton.swift in Sources */,
				354768A928C423C900AD2AE3 /* AwarenessDetails.swift in Sources */,
				35C3262F28C6C226002F7CED /* ProductsInfo.swift in Sources */,
				35DE3D2128BFFBF300A554D1 /* Grids.swift in Sources */,
				35DE3D2328C011E200A554D1 /* TabScrollView.swift in Sources */,
				35C3262B28C6B950002F7CED /* ProductsDetails.swift in Sources */,
				352CF7A828C2927600AEB1C5 /* VideoManager.swift in Sources */,
				353BC18F28C7A1230044460A /* CustomTextField.swift in Sources */,
			);
			runOnlyForDeploymentPostprocessing = 0;
		};
/* End PBXSourcesBuildPhase section */

/* Begin XCBuildConfiguration section */
		359F3F7C28BD1CEB0011F18C /* Debug */ = {
			isa = XCBuildConfiguration;
			buildSettings = {
				ALWAYS_SEARCH_USER_PATHS = NO;
				CLANG_ANALYZER_NONNULL = YES;
				CLANG_ANALYZER_NUMBER_OBJECT_CONVERSION = YES_AGGRESSIVE;
				CLANG_CXX_LANGUAGE_STANDARD = "gnu++17";
				CLANG_ENABLE_MODULES = YES;
				CLANG_ENABLE_OBJC_ARC = YES;
				CLANG_ENABLE_OBJC_WEAK = YES;
				CLANG_WARN_BLOCK_CAPTURE_AUTORELEASING = YES;
				CLANG_WARN_BOOL_CONVERSION = YES;
				CLANG_WARN_COMMA = YES;
				CLANG_WARN_CONSTANT_CONVERSION = YES;
				CLANG_WARN_DEPRECATED_OBJC_IMPLEMENTATIONS = YES;
				CLANG_WARN_DIRECT_OBJC_ISA_USAGE = YES_ERROR;
				CLANG_WARN_DOCUMENTATION_COMMENTS = YES;
				CLANG_WARN_EMPTY_BODY = YES;
				CLANG_WARN_ENUM_CONVERSION = YES;
				CLANG_WARN_INFINITE_RECURSION = YES;
				CLANG_WARN_INT_CONVERSION = YES;
				CLANG_WARN_NON_LITERAL_NULL_CONVERSION = YES;
				CLANG_WARN_OBJC_IMPLICIT_RETAIN_SELF = YES;
				CLANG_WARN_OBJC_LITERAL_CONVERSION = YES;
				CLANG_WARN_OBJC_ROOT_CLASS = YES_ERROR;
				CLANG_WARN_QUOTED_INCLUDE_IN_FRAMEWORK_HEADER = YES;
				CLANG_WARN_RANGE_LOOP_ANALYSIS = YES;
				CLANG_WARN_STRICT_PROTOTYPES = YES;
				CLANG_WARN_SUSPICIOUS_MOVE = YES;
				CLANG_WARN_UNGUARDED_AVAILABILITY = YES_AGGRESSIVE;
				CLANG_WARN_UNREACHABLE_CODE = YES;
				CLANG_WARN__DUPLICATE_METHOD_MATCH = YES;
				COPY_PHASE_STRIP = NO;
				DEBUG_INFORMATION_FORMAT = dwarf;
				ENABLE_STRICT_OBJC_MSGSEND = YES;
				ENABLE_TESTABILITY = YES;
				GCC_C_LANGUAGE_STANDARD = gnu11;
				GCC_DYNAMIC_NO_PIC = NO;
				GCC_NO_COMMON_BLOCKS = YES;
				GCC_OPTIMIZATION_LEVEL = 0;
				GCC_PREPROCESSOR_DEFINITIONS = (
					"DEBUG=1",
					"$(inherited)",
				);
				GCC_WARN_64_TO_32_BIT_CONVERSION = YES;
				GCC_WARN_ABOUT_RETURN_TYPE = YES_ERROR;
				GCC_WARN_UNDECLARED_SELECTOR = YES;
				GCC_WARN_UNINITIALIZED_AUTOS = YES_AGGRESSIVE;
				GCC_WARN_UNUSED_FUNCTION = YES;
				GCC_WARN_UNUSED_VARIABLE = YES;
				IPHONEOS_DEPLOYMENT_TARGET = 15.5;
				MTL_ENABLE_DEBUG_INFO = INCLUDE_SOURCE;
				MTL_FAST_MATH = YES;
				ONLY_ACTIVE_ARCH = YES;
				SDKROOT = iphoneos;
				SWIFT_ACTIVE_COMPILATION_CONDITIONS = DEBUG;
				SWIFT_OPTIMIZATION_LEVEL = "-Onone";
			};
			name = Debug;
		};
		359F3F7D28BD1CEB0011F18C /* Release */ = {
			isa = XCBuildConfiguration;
			buildSettings = {
				ALWAYS_SEARCH_USER_PATHS = NO;
				CLANG_ANALYZER_NONNULL = YES;
				CLANG_ANALYZER_NUMBER_OBJECT_CONVERSION = YES_AGGRESSIVE;
				CLANG_CXX_LANGUAGE_STANDARD = "gnu++17";
				CLANG_ENABLE_MODULES = YES;
				CLANG_ENABLE_OBJC_ARC = YES;
				CLANG_ENABLE_OBJC_WEAK = YES;
				CLANG_WARN_BLOCK_CAPTURE_AUTORELEASING = YES;
				CLANG_WARN_BOOL_CONVERSION = YES;
				CLANG_WARN_COMMA = YES;
				CLANG_WARN_CONSTANT_CONVERSION = YES;
				CLANG_WARN_DEPRECATED_OBJC_IMPLEMENTATIONS = YES;
				CLANG_WARN_DIRECT_OBJC_ISA_USAGE = YES_ERROR;
				CLANG_WARN_DOCUMENTATION_COMMENTS = YES;
				CLANG_WARN_EMPTY_BODY = YES;
				CLANG_WARN_ENUM_CONVERSION = YES;
				CLANG_WARN_INFINITE_RECURSION = YES;
				CLANG_WARN_INT_CONVERSION = YES;
				CLANG_WARN_NON_LITERAL_NULL_CONVERSION = YES;
				CLANG_WARN_OBJC_IMPLICIT_RETAIN_SELF = YES;
				CLANG_WARN_OBJC_LITERAL_CONVERSION = YES;
				CLANG_WARN_OBJC_ROOT_CLASS = YES_ERROR;
				CLANG_WARN_QUOTED_INCLUDE_IN_FRAMEWORK_HEADER = YES;
				CLANG_WARN_RANGE_LOOP_ANALYSIS = YES;
				CLANG_WARN_STRICT_PROTOTYPES = YES;
				CLANG_WARN_SUSPICIOUS_MOVE = YES;
				CLANG_WARN_UNGUARDED_AVAILABILITY = YES_AGGRESSIVE;
				CLANG_WARN_UNREACHABLE_CODE = YES;
				CLANG_WARN__DUPLICATE_METHOD_MATCH = YES;
				COPY_PHASE_STRIP = NO;
				DEBUG_INFORMATION_FORMAT = "dwarf-with-dsym";
				ENABLE_NS_ASSERTIONS = NO;
				ENABLE_STRICT_OBJC_MSGSEND = YES;
				GCC_C_LANGUAGE_STANDARD = gnu11;
				GCC_NO_COMMON_BLOCKS = YES;
				GCC_WARN_64_TO_32_BIT_CONVERSION = YES;
				GCC_WARN_ABOUT_RETURN_TYPE = YES_ERROR;
				GCC_WARN_UNDECLARED_SELECTOR = YES;
				GCC_WARN_UNINITIALIZED_AUTOS = YES_AGGRESSIVE;
				GCC_WARN_UNUSED_FUNCTION = YES;
				GCC_WARN_UNUSED_VARIABLE = YES;
				IPHONEOS_DEPLOYMENT_TARGET = 15.5;
				MTL_ENABLE_DEBUG_INFO = NO;
				MTL_FAST_MATH = YES;
				SDKROOT = iphoneos;
				SWIFT_COMPILATION_MODE = wholemodule;
				SWIFT_OPTIMIZATION_LEVEL = "-O";
				VALIDATE_PRODUCT = YES;
			};
			name = Release;
		};
		359F3F7F28BD1CEB0011F18C /* Debug */ = {
			isa = XCBuildConfiguration;
			buildSettings = {
				ASSETCATALOG_COMPILER_APPICON_NAME = AppIcon;
				ASSETCATALOG_COMPILER_GLOBAL_ACCENT_COLOR_NAME = AccentColor;
				CODE_SIGN_STYLE = Automatic;
				CURRENT_PROJECT_VERSION = 1;
				DEVELOPMENT_ASSET_PATHS = "\"iCare/Preview Content\"";
				ENABLE_PREVIEWS = YES;
				GENERATE_INFOPLIST_FILE = YES;
				INFOPLIST_FILE = iCare/Info.plist;
				INFOPLIST_KEY_UIApplicationSceneManifest_Generation = YES;
				INFOPLIST_KEY_UIApplicationSupportsIndirectInputEvents = YES;
				INFOPLIST_KEY_UILaunchScreen_Generation = YES;
				INFOPLIST_KEY_UILaunchStoryboardName = LaunchScreen;
				INFOPLIST_KEY_UISupportedInterfaceOrientations_iPad = "UIInterfaceOrientationPortrait UIInterfaceOrientationPortraitUpsideDown UIInterfaceOrientationLandscapeLeft UIInterfaceOrientationLandscapeRight";
				INFOPLIST_KEY_UISupportedInterfaceOrientations_iPhone = "UIInterfaceOrientationPortrait UIInterfaceOrientationLandscapeLeft UIInterfaceOrientationLandscapeRight";
				LD_RUNPATH_SEARCH_PATHS = (
					"$(inherited)",
					"@executable_path/Frameworks",
				);
				MARKETING_VERSION = 1.0;
				PRODUCT_BUNDLE_IDENTIFIER = com.wahaj.iCare;
				PRODUCT_NAME = "$(TARGET_NAME)";
				SWIFT_EMIT_LOC_STRINGS = YES;
				SWIFT_VERSION = 5.0;
				TARGETED_DEVICE_FAMILY = "1,2";
			};
			name = Debug;
		};
		359F3F8028BD1CEB0011F18C /* Release */ = {
			isa = XCBuildConfiguration;
			buildSettings = {
				ASSETCATALOG_COMPILER_APPICON_NAME = AppIcon;
				ASSETCATALOG_COMPILER_GLOBAL_ACCENT_COLOR_NAME = AccentColor;
				CODE_SIGN_STYLE = Automatic;
				CURRENT_PROJECT_VERSION = 1;
				DEVELOPMENT_ASSET_PATHS = "\"iCare/Preview Content\"";
				ENABLE_PREVIEWS = YES;
				GENERATE_INFOPLIST_FILE = YES;
				INFOPLIST_FILE = iCare/Info.plist;
				INFOPLIST_KEY_UIApplicationSceneManifest_Generation = YES;
				INFOPLIST_KEY_UIApplicationSupportsIndirectInputEvents = YES;
				INFOPLIST_KEY_UILaunchScreen_Generation = YES;
				INFOPLIST_KEY_UILaunchStoryboardName = LaunchScreen;
				INFOPLIST_KEY_UISupportedInterfaceOrientations_iPad = "UIInterfaceOrientationPortrait UIInterfaceOrientationPortraitUpsideDown UIInterfaceOrientationLandscapeLeft UIInterfaceOrientationLandscapeRight";
				INFOPLIST_KEY_UISupportedInterfaceOrientations_iPhone = "UIInterfaceOrientationPortrait UIInterfaceOrientationLandscapeLeft UIInterfaceOrientationLandscapeRight";
				LD_RUNPATH_SEARCH_PATHS = (
					"$(inherited)",
					"@executable_path/Frameworks",
				);
				MARKETING_VERSION = 1.0;
				PRODUCT_BUNDLE_IDENTIFIER = com.wahaj.iCare;
				PRODUCT_NAME = "$(TARGET_NAME)";
				SWIFT_EMIT_LOC_STRINGS = YES;
				SWIFT_VERSION = 5.0;
				TARGETED_DEVICE_FAMILY = "1,2";
			};
			name = Release;
		};
/* End XCBuildConfiguration section */

/* Begin XCConfigurationList section */
		359F3F6B28BD1CE80011F18C /* Build configuration list for PBXProject "iCare" */ = {
			isa = XCConfigurationList;
			buildConfigurations = (
				359F3F7C28BD1CEB0011F18C /* Debug */,
				359F3F7D28BD1CEB0011F18C /* Release */,
			);
			defaultConfigurationIsVisible = 0;
			defaultConfigurationName = Release;
		};
		359F3F7E28BD1CEB0011F18C /* Build configuration list for PBXNativeTarget "iCare" */ = {
			isa = XCConfigurationList;
			buildConfigurations = (
				359F3F7F28BD1CEB0011F18C /* Debug */,
				359F3F8028BD1CEB0011F18C /* Release */,
			);
			defaultConfigurationIsVisible = 0;
			defaultConfigurationName = Release;
		};
/* End XCConfigurationList section */

/* Begin XCRemoteSwiftPackageReference section */
		3524B8E128C279C700DB5A1B /* XCRemoteSwiftPackageReference "firebase-ios-sdk" */ = {
			isa = XCRemoteSwiftPackageReference;
			repositoryURL = "https://github.com/firebase/firebase-ios-sdk";
			requirement = {
				branch = master;
				kind = branch;
			};
		};
		353BC18328C78E190044460A /* XCRemoteSwiftPackageReference "firebase-ios-sdk" */ = {
			isa = XCRemoteSwiftPackageReference;
			repositoryURL = "https://github.com/firebase/firebase-ios-sdk";
			requirement = {
				kind = upToNextMajorVersion;
				minimumVersion = 9.0.0;
			};
		};
		354768B828C46E5600AD2AE3 /* XCRemoteSwiftPackageReference "firebase-ios-sdk" */ = {
			isa = XCRemoteSwiftPackageReference;
			repositoryURL = "https://github.com/firebase/firebase-ios-sdk";
			requirement = {
				branch = master;
				kind = branch;
			};
		};
/* End XCRemoteSwiftPackageReference section */

/* Begin XCSwiftPackageProductDependency section */
		353BC18428C78E190044460A /* FirebaseAuth */ = {
			isa = XCSwiftPackageProductDependency;
			package = 353BC18328C78E190044460A /* XCRemoteSwiftPackageReference "firebase-ios-sdk" */;
			productName = FirebaseAuth;
		};
		353BC18628C78E190044460A /* FirebaseFirestore */ = {
			isa = XCSwiftPackageProductDependency;
			package = 353BC18328C78E190044460A /* XCRemoteSwiftPackageReference "firebase-ios-sdk" */;
			productName = FirebaseFirestore;
		};
/* End XCSwiftPackageProductDependency section */
	};
	rootObject = 359F3F6828BD1CE80011F18C /* Project object */;
}
